{
  "version": 4,
  "terraform_version": "0.12.17",
  "serial": 42,
  "lineage": "c90a2532-6fca-f5ab-d29a-6aa832bb813c",
  "outputs": {},
  "resources": [
    {
      "mode": "managed",
      "type": "azurerm_resource_group",
      "name": "eda",
      "provider": "provider.azurerm",
      "instances": [
        {
          "schema_version": 0,
          "attributes": {
            "id": "/subscriptions/ffe02b1f-5bd5-400b-a651-15eb782eafec/resourceGroups/edaRg_dev",
            "location": "eastus",
            "name": "edaRg_dev",
            "tags": {}
          },
          "private": "bnVsbA=="
        }
      ]
    },
    {
      "mode": "managed",
      "type": "azurerm_servicebus_namespace",
      "name": "eda",
      "provider": "provider.azurerm",
      "instances": [
        {
          "schema_version": 1,
          "attributes": {
            "capacity": 0,
            "default_primary_connection_string": "Endpoint=sb://eda-sb-dev.servicebus.windows.net/;SharedAccessKeyName=RootManageSharedAccessKey;SharedAccessKey=8X4w9Pkl9KcrHQAOAnBE1MeUx7ZxO68GYPLfvRUihUY=",
            "default_primary_key": "8X4w9Pkl9KcrHQAOAnBE1MeUx7ZxO68GYPLfvRUihUY=",
            "default_secondary_connection_string": "Endpoint=sb://eda-sb-dev.servicebus.windows.net/;SharedAccessKeyName=RootManageSharedAccessKey;SharedAccessKey=SJqyx6H9RKiSmw5XMc2Iu5lTCUTgyACJXsvzpTMzfV0=",
            "default_secondary_key": "SJqyx6H9RKiSmw5XMc2Iu5lTCUTgyACJXsvzpTMzfV0=",
            "id": "/subscriptions/ffe02b1f-5bd5-400b-a651-15eb782eafec/resourceGroups/edaRg_dev/providers/Microsoft.ServiceBus/namespaces/eda-sb-dev",
            "location": "eastus",
            "name": "eda-sb-dev",
            "resource_group_name": "edaRg_dev",
            "sku": "standard",
            "tags": {},
            "zone_redundant": false
          },
          "private": "eyJzY2hlbWFfdmVyc2lvbiI6IjEifQ==",
          "dependencies": [
            "azurerm_resource_group.eda"
          ]
        }
      ]
    },
    {
      "mode": "managed",
      "type": "azurerm_servicebus_subscription",
      "name": "firstEvent-logger",
      "provider": "provider.azurerm",
      "instances": [
        {
          "schema_version": 0,
          "attributes": {
            "auto_delete_on_idle": "P10675199DT2H48M5.4775807S",
            "dead_lettering_on_filter_evaluation_exceptions": null,
            "dead_lettering_on_message_expiration": false,
            "default_message_ttl": "P10675199DT2H48M5.4775807S",
            "enable_batched_operations": false,
            "forward_to": "logger_event",
            "id": "/subscriptions/ffe02b1f-5bd5-400b-a651-15eb782eafec/resourceGroups/edaRg_dev/providers/Microsoft.ServiceBus/namespaces/eda-sb-dev/topics/first_event/subscriptions/logger1",
            "location": null,
            "lock_duration": "PT1M",
            "max_delivery_count": 1,
            "name": "logger1",
            "namespace_name": "eda-sb-dev",
            "requires_session": false,
            "resource_group_name": "edaRg_dev",
            "topic_name": "first_event"
          },
          "private": "bnVsbA==",
          "dependencies": [
            "azurerm_resource_group.eda",
            "azurerm_servicebus_namespace.eda",
            "azurerm_servicebus_topic.firstEvent",
            "azurerm_servicebus_topic.loggerEvent"
          ]
        }
      ]
    },
    {
      "mode": "managed",
      "type": "azurerm_servicebus_subscription",
      "name": "secondEvent-logger",
      "provider": "provider.azurerm",
      "instances": [
        {
          "schema_version": 0,
          "attributes": {
            "auto_delete_on_idle": "P10675199DT2H48M5.4775807S",
            "dead_lettering_on_filter_evaluation_exceptions": null,
            "dead_lettering_on_message_expiration": false,
            "default_message_ttl": "P10675199DT2H48M5.4775807S",
            "enable_batched_operations": false,
            "forward_to": "logger_event",
            "id": "/subscriptions/ffe02b1f-5bd5-400b-a651-15eb782eafec/resourceGroups/edaRg_dev/providers/Microsoft.ServiceBus/namespaces/eda-sb-dev/topics/first_event/subscriptions/logger2",
            "location": null,
            "lock_duration": "PT1M",
            "max_delivery_count": 1,
            "name": "logger2",
            "namespace_name": "eda-sb-dev",
            "requires_session": false,
            "resource_group_name": "edaRg_dev",
            "topic_name": "first_event"
          },
          "private": "bnVsbA==",
          "dependencies": [
            "azurerm_resource_group.eda",
            "azurerm_servicebus_namespace.eda",
            "azurerm_servicebus_topic.firstEvent",
            "azurerm_servicebus_topic.loggerEvent"
          ]
        }
      ]
    },
    {
      "mode": "managed",
      "type": "azurerm_servicebus_topic",
      "name": "firstEvent",
      "provider": "provider.azurerm",
      "instances": [
        {
          "schema_version": 0,
          "attributes": {
            "auto_delete_on_idle": "P10675199DT2H48M5.4775807S",
            "default_message_ttl": "P10675199DT2H48M5.4775807S",
            "duplicate_detection_history_time_window": "PT10M",
            "enable_batched_operations": false,
            "enable_express": false,
            "enable_filtering_messages_before_publishing": null,
            "enable_partitioning": true,
            "id": "/subscriptions/ffe02b1f-5bd5-400b-a651-15eb782eafec/resourceGroups/edaRg_dev/providers/Microsoft.ServiceBus/namespaces/eda-sb-dev/topics/first_event",
            "location": null,
            "max_size_in_megabytes": 5120,
            "name": "first_event",
            "namespace_name": "eda-sb-dev",
            "requires_duplicate_detection": false,
            "resource_group_name": "edaRg_dev",
            "status": "Active",
            "support_ordering": false
          },
          "private": "bnVsbA==",
          "dependencies": [
            "azurerm_resource_group.eda",
            "azurerm_servicebus_namespace.eda"
          ]
        }
      ]
    },
    {
      "mode": "managed",
      "type": "azurerm_servicebus_topic",
      "name": "loggerEvent",
      "provider": "provider.azurerm",
      "instances": [
        {
          "schema_version": 0,
          "attributes": {
            "auto_delete_on_idle": "P10675199DT2H48M5.4775807S",
            "default_message_ttl": "P10675199DT2H48M5.4775807S",
            "duplicate_detection_history_time_window": "PT10M",
            "enable_batched_operations": false,
            "enable_express": false,
            "enable_filtering_messages_before_publishing": null,
            "enable_partitioning": true,
            "id": "/subscriptions/ffe02b1f-5bd5-400b-a651-15eb782eafec/resourceGroups/edaRg_dev/providers/Microsoft.ServiceBus/namespaces/eda-sb-dev/topics/logger_event",
            "location": null,
            "max_size_in_megabytes": 5120,
            "name": "logger_event",
            "namespace_name": "eda-sb-dev",
            "requires_duplicate_detection": false,
            "resource_group_name": "edaRg_dev",
            "status": "Active",
            "support_ordering": false
          },
          "private": "bnVsbA==",
          "dependencies": [
            "azurerm_resource_group.eda",
            "azurerm_servicebus_namespace.eda"
          ]
        }
      ]
    },
    {
      "mode": "managed",
      "type": "azurerm_servicebus_topic",
      "name": "secondEvent",
      "provider": "provider.azurerm",
      "instances": [
        {
          "schema_version": 0,
          "attributes": {
            "auto_delete_on_idle": "P10675199DT2H48M5.4775807S",
            "default_message_ttl": "P10675199DT2H48M5.4775807S",
            "duplicate_detection_history_time_window": "PT10M",
            "enable_batched_operations": false,
            "enable_express": false,
            "enable_filtering_messages_before_publishing": null,
            "enable_partitioning": true,
            "id": "/subscriptions/ffe02b1f-5bd5-400b-a651-15eb782eafec/resourceGroups/edaRg_dev/providers/Microsoft.ServiceBus/namespaces/eda-sb-dev/topics/second_event",
            "location": null,
            "max_size_in_megabytes": 5120,
            "name": "second_event",
            "namespace_name": "eda-sb-dev",
            "requires_duplicate_detection": false,
            "resource_group_name": "edaRg_dev",
            "status": "Active",
            "support_ordering": false
          },
          "private": "bnVsbA==",
          "dependencies": [
            "azurerm_resource_group.eda",
            "azurerm_servicebus_namespace.eda"
          ]
        }
      ]
    },
    {
      "mode": "managed",
      "type": "azurerm_storage_account",
      "name": "storage",
      "provider": "provider.azurerm",
      "instances": [
        {
          "schema_version": 2,
          "attributes": {
            "access_tier": "Hot",
            "account_encryption_source": "Microsoft.Storage",
            "account_kind": "StorageV2",
            "account_replication_type": "LRS",
            "account_tier": "Standard",
            "account_type": "Standard_LRS",
            "custom_domain": [],
            "enable_advanced_threat_protection": false,
            "enable_blob_encryption": true,
            "enable_file_encryption": true,
            "enable_https_traffic_only": false,
            "id": "/subscriptions/ffe02b1f-5bd5-400b-a651-15eb782eafec/resourceGroups/edaRg_dev/providers/Microsoft.Storage/storageAccounts/7f8636c612f63250stgdev",
            "identity": [],
            "is_hns_enabled": false,
            "location": "eastus",
            "name": "7f8636c612f63250stgdev",
            "network_rules": [],
            "primary_access_key": "aSIWNvZberiES8xonkAg4IlrformOskmFEBpHiij+iPdGcoo03G/X9cI+N6BVKHvaCJj9YyxqwWOxOxS60XPsA==",
            "primary_blob_connection_string": "DefaultEndpointsProtocol=https;BlobEndpoint=https://7f8636c612f63250stgdev.blob.core.windows.net/;AccountName=7f8636c612f63250stgdev;AccountKey=aSIWNvZberiES8xonkAg4IlrformOskmFEBpHiij+iPdGcoo03G/X9cI+N6BVKHvaCJj9YyxqwWOxOxS60XPsA==",
            "primary_blob_endpoint": "https://7f8636c612f63250stgdev.blob.core.windows.net/",
            "primary_blob_host": "7f8636c612f63250stgdev.blob.core.windows.net",
            "primary_connection_string": "DefaultEndpointsProtocol=https;AccountName=7f8636c612f63250stgdev;AccountKey=aSIWNvZberiES8xonkAg4IlrformOskmFEBpHiij+iPdGcoo03G/X9cI+N6BVKHvaCJj9YyxqwWOxOxS60XPsA==;EndpointSuffix=core.windows.net",
            "primary_dfs_endpoint": "https://7f8636c612f63250stgdev.dfs.core.windows.net/",
            "primary_dfs_host": "7f8636c612f63250stgdev.dfs.core.windows.net",
            "primary_file_endpoint": "https://7f8636c612f63250stgdev.file.core.windows.net/",
            "primary_file_host": "7f8636c612f63250stgdev.file.core.windows.net",
            "primary_location": "eastus",
            "primary_queue_endpoint": "https://7f8636c612f63250stgdev.queue.core.windows.net/",
            "primary_queue_host": "7f8636c612f63250stgdev.queue.core.windows.net",
            "primary_table_endpoint": "https://7f8636c612f63250stgdev.table.core.windows.net/",
            "primary_table_host": "7f8636c612f63250stgdev.table.core.windows.net",
            "primary_web_endpoint": "https://7f8636c612f63250stgdev.z13.web.core.windows.net/",
            "primary_web_host": "7f8636c612f63250stgdev.z13.web.core.windows.net",
            "queue_properties": [
              {
                "cors_rule": [],
                "hour_metrics": [
                  {
                    "enabled": true,
                    "include_apis": true,
                    "retention_policy_days": 7,
                    "version": "1.0"
                  }
                ],
                "logging": [
                  {
                    "delete": false,
                    "read": false,
                    "retention_policy_days": 0,
                    "version": "1.0",
                    "write": false
                  }
                ],
                "minute_metrics": [
                  {
                    "enabled": false,
                    "include_apis": false,
                    "retention_policy_days": 0,
                    "version": "1.0"
                  }
                ]
              }
            ],
            "resource_group_name": "edaRg_dev",
            "secondary_access_key": "pcS9a4EVW+vQ/haEJdil1Za54XP5Vf6R2700vO+wfBXSV/51i1KW1UgO7QP/K1SWzHzJKnxfJ/kIdUYKgOpxYw==",
            "secondary_blob_connection_string": "",
            "secondary_blob_endpoint": null,
            "secondary_blob_host": null,
            "secondary_connection_string": "DefaultEndpointsProtocol=https;AccountName=7f8636c612f63250stgdev;AccountKey=pcS9a4EVW+vQ/haEJdil1Za54XP5Vf6R2700vO+wfBXSV/51i1KW1UgO7QP/K1SWzHzJKnxfJ/kIdUYKgOpxYw==;EndpointSuffix=core.windows.net",
            "secondary_dfs_endpoint": null,
            "secondary_dfs_host": null,
            "secondary_file_endpoint": null,
            "secondary_file_host": null,
            "secondary_location": "",
            "secondary_queue_endpoint": null,
            "secondary_queue_host": null,
            "secondary_table_endpoint": null,
            "secondary_table_host": null,
            "secondary_web_endpoint": null,
            "secondary_web_host": null,
            "tags": {}
          },
          "private": "eyJzY2hlbWFfdmVyc2lvbiI6IjIifQ==",
          "dependencies": [
            "azurerm_resource_group.eda",
            "random_id.server"
          ]
        }
      ]
    },
    {
      "mode": "managed",
      "type": "random_id",
      "name": "server",
      "provider": "provider.random",
      "instances": [
        {
          "schema_version": 0,
          "attributes": {
            "b64": "ElTdzKvaPh4",
            "b64_std": "ElTdzKvaPh4=",
            "b64_url": "ElTdzKvaPh4",
            "byte_length": 8,
            "dec": "1320924461852671518",
            "hex": "1254ddccabda3e1e",
            "id": "ElTdzKvaPh4",
            "keepers": {
              "azi_id": "1",
              "hex_dev": "7f8636c612f63250"
            },
            "prefix": null
          },
          "private": "bnVsbA=="
        }
      ]
    }
  ]
}
