{
  "version": 4,
  "terraform_version": "0.12.16",
  "serial": 10,
  "lineage": "c90a2532-6fca-f5ab-d29a-6aa832bb813c",
  "outputs": {},
  "resources": [
    {
      "mode": "managed",
      "type": "azurerm_resource_group",
      "name": "eda",
      "provider": "provider.azurerm",
      "instances": [
        {
          "schema_version": 0,
          "attributes": {
            "id": "/subscriptions/ffe02b1f-5bd5-400b-a651-15eb782eafec/resourceGroups/edaRg_dev",
            "location": "eastus",
            "name": "edaRg_dev",
            "tags": {}
          },
          "private": "bnVsbA=="
        }
      ]
    },
    {
      "mode": "managed",
      "type": "azurerm_servicebus_namespace",
      "name": "eda",
      "provider": "provider.azurerm",
      "instances": [
        {
          "schema_version": 1,
          "attributes": {
            "capacity": 0,
            "default_primary_connection_string": "Endpoint=sb://eda-sb-dev.servicebus.windows.net/;SharedAccessKeyName=RootManageSharedAccessKey;SharedAccessKey=z5wo83b4K4KC8mwFZjS2iry94/g0qbe1nH03Ib4SWlw=",
            "default_primary_key": "z5wo83b4K4KC8mwFZjS2iry94/g0qbe1nH03Ib4SWlw=",
            "default_secondary_connection_string": "Endpoint=sb://eda-sb-dev.servicebus.windows.net/;SharedAccessKeyName=RootManageSharedAccessKey;SharedAccessKey=XVZ8NTk/qotW9G9RMKGhmIueOFjLpm+M/CX7TloL5bs=",
            "default_secondary_key": "XVZ8NTk/qotW9G9RMKGhmIueOFjLpm+M/CX7TloL5bs=",
            "id": "/subscriptions/ffe02b1f-5bd5-400b-a651-15eb782eafec/resourceGroups/edaRg_dev/providers/Microsoft.ServiceBus/namespaces/eda-sb-dev",
            "location": "eastus",
            "name": "eda-sb-dev",
            "resource_group_name": "edaRg_dev",
            "sku": "standard",
            "tags": {},
            "zone_redundant": false
          },
          "private": "eyJzY2hlbWFfdmVyc2lvbiI6IjEifQ==",
          "dependencies": [
            "azurerm_resource_group.eda"
          ]
        }
      ]
    },
    {
      "mode": "managed",
      "type": "random_id",
      "name": "server",
      "provider": "provider.random",
      "instances": [
        {
          "schema_version": 0,
          "attributes": {
            "b64": "ip6Jfzoa99Q",
            "b64_std": "ip6Jfzoa99Q=",
            "b64_url": "ip6Jfzoa99Q",
            "byte_length": 8,
            "dec": "9988572203083036628",
            "hex": "8a9e897f3a1af7d4",
            "id": "ip6Jfzoa99Q",
            "keepers": {
              "azi_id": "1",
              "hex_dev": "7f8636c612f63250"
            },
            "prefix": null
          },
          "private": "bnVsbA=="
        }
      ]
    }
  ]
}
